{
    "name": "weather-application",
    "version": "1.0.0",
    "lockfileVersion": 2,
    "requires": true,
    "packages": {
      "": {
        "name": "weather-application",
        "version": "1.0.0",
        "dependencies": {
          "axios": {
            "version": "0.24.0",
            "resolved": "https://registry.npmjs.org/axios/-/axios-0.24.0.tgz",
            "integrity": "sha512-+V98r+UcOi+1Xi2mt4mVXOBvNrGgKv5LzC7+6y1CT50o5WQV74uU/N0i90a4OUmnrbcW+j25l+9V+Pr9qih6FA==",
            "dev": false,
            "requires": {
              "follow-redirects": "^1.15.13"
            }
          },
          "bootstrap": {
            "version": "4.5.2",
            "resolved": "https://registry.npmjs.org/bootstrap/-/bootstrap-4.5.2.tgz",
            "integrity": "sha512-Kl8/+WXTDh+KoLI9DsqnVjQLOVfw5wlPn1R9S6Wezr/KpPRv9TgXcYqDPYQlgTqK0BCCgOvTL2X6tb4Gr4GlNw==",
            "dev": false,
            "requires": {
              "jquery": "^3.5.1",
              "popper.js": "^1.16.1"
            }
          },
          "popper.js": {
            "version": "1.16.1",
            "resolved": "https://registry.npmjs.org/popper.js/-/popper.js-1.16.1.tgz",
            "integrity": "sha512-wEG9SAl7kTtlQUYOhbjHSZTzD4ZvB3OSNJ06IRXnnNLsmUvSrBGG8nDwv9cDg0lS3bds/DCbU1NvPd/IYO5dRg==",
            "dev": false
          }
        }
      }
    },
    "dependencies": {
      "axios": {
        "version": "0.24.0",
        "resolved": "https://registry.npmjs.org/axios/-/axios-0.24.0.tgz",
        "integrity": "sha512-+V98r+UcOi+1Xi2mt4mVXOBvNrGgKv5LzC7+6y1CT50o5WQV74uU/N0i90a4OUmnrbcW+j25l+9V+Pr9qih6FA==",
        "dev": false,
        "requires": {
          "follow-redirects": "^1.15.13"
        }
      },
      "bootstrap": {
        "version": "4.5.2",
        "resolved": "https://registry.npmjs.org/bootstrap/-/bootstrap-4.5.2.tgz",
        "integrity": "sha512-Kl8/+WXTDh+KoLI9DsqnVjQLOVfw5wlPn1R9S6Wezr/KpPRv9TgXcYqDPYQlgTqK0BCCgOvTL2X6tb4Gr4GlNw==",
        "dev": false,
        "requires": {
          "jquery": "^3.5.1",
          "popper.js": "^1.16.1"
        }
      },
      "follow-redirects": {
        "version": "1.15.13",
        "resolved": "https://registry.npmjs.org/follow-redirects/-/follow-redirects-1.15.13.tgz",
        "integrity": "sha512-yF3CcxIP0aoP6jptpACZG+xvL6AwulDzdHl+WrUjw0D4fEaP8ySrNiJ5Lr0p1E40CMvUdHUn/a5OF1b43oIUIg==",
        "dev": false
      },
      "jquery": {
        "version": "3.5.1",
        "resolved": "https://registry.npmjs.org/jquery/-/jquery-3.5.1.tgz",
        "integrity": "sha512-Xw1EzBvh9f6TXMSB8lfn6KfUd3OYVsNx9kOyD5HqPtNoFtpMyp3GdIC7Pzy3Ky/0OrUcq+7s2T6tFi3lGx4+oQ==",
        "dev": false
      },
      "popper.js": {
        "version": "1.16.1",
        "resolved": "https://registry.npmjs.org/popper.js/-/popper.js-1.16.1.tgz",
        "integrity": "sha512-wEG9SAl7kTtlQUYOhbjHSZTzD4ZvB3OSNJ06IRXnnNLsmUvSrBGG8nDwv9cDg0lS3bds/DCbU1NvPd/IYO5dRg==",
        "dev": false
      }
    }
  }
  